{
  "originHash" : "c28d2691628f6bad1cb84e060ec6800d5a5fad803930605afd249631d2ae1454",
  "pins" : [
    {
      "identity" : "binoban-sdk-swift",
      "kind" : "remoteSourceControl",
      "location" : "https://github.com/binoban/binoban-sdk-swift",
      "state" : {
        "revision" : "475e43f036452a6f27fafe70ae137e2aec5aa11f",
        "version" : "1.1.0"
      }
    }
  ],
  "version" : 3
}
