{
  "originHash" : "c28d2691628f6bad1cb84e060ec6800d5a5fad803930605afd249631d2ae1454",
  "pins" : [
    {
      "identity" : "binoban-sdk-swift",
      "kind" : "remoteSourceControl",
      "location" : "https://github.com/binoban/binoban-sdk-swift",
      "state" : {
        "revision" : "d1f4f5dee2d46a1baf4c3505708dd767c993cba7",
        "version" : "1.1.0"
      }
    }
  ],
  "version" : 3
}
